Microsoft Visual Studio Solution File, Format Version 12.00
# Visual Studio Version 18
VisualStudioVersion = 18.0.0.0
MinimumVisualStudioVersion = 10.0.40219.1
Project("{FAE04EC0-301F-11D3-BF4B-00C04F79EFBC}") = "CodexScriptLoader.Interop", "src\CodexScriptLoader.Interop\CodexScriptLoader.Interop.csproj", "{FA7FBD4E-8B44-4E10-A4D8-844CB67F5056}"
EndProject
Project("{FAE04EC0-301F-11D3-BF4B-00C04F79EFBC}") = "CodexScriptLoader.Core", "src\CodexScriptLoader.Core\CodexScriptLoader.Core.csproj", "{B542DDBD-2C3F-4B79-B9BC-2B7A45EFC934}"
EndProject
Project("{FAE04EC0-301F-11D3-BF4B-00C04F79EFBC}") = "CodexScriptLoader.Windows", "src\CodexScriptLoader.Windows\CodexScriptLoader.Windows.csproj", "{C5AFB884-7BAA-40E6-8321-04B0A3AAB174}"
EndProject
Project("{FAE04EC0-301F-11D3-BF4B-00C04F79EFBC}") = "CodexScriptLoader.Launcher", "src\CodexScriptLoader.Launcher\CodexScriptLoader.Launcher.csproj", "{6D8B5E54-819A-4BE6-B077-E328E5ACCFB7}"
EndProject
Project("{FAE04EC0-301F-11D3-BF4B-00C04F79EFBC}") = "ActivationProbe", "tools\ActivationProbe\ActivationProbe.csproj", "{16193192-B6E7-42E8-805D-D00F3A73D4A1}"
EndProject
Project("{FAE04EC0-301F-11D3-BF4B-00C04F79EFBC}") = "CodexScriptLoader.Tests", "tests\CodexScriptLoader.Tests\CodexScriptLoader.Tests.csproj", "{8399A80F-BC2A-4821-8057-537EAC2A4E7F}"
EndProject
Project("{FAE04EC0-301F-11D3-BF4B-00C04F79EFBC}") = "RendererProbe", "tools\RendererProbe\RendererProbe.csproj", "{C5F96C66-3D2C-4D6E-82E9-14ABAD21FF20}"
EndProject
Project("{FAE04EC0-301F-11D3-BF4B-00C04F79EFBC}") = "LauncherProbeHost", "tools\LauncherProbeHost\LauncherProbeHost.csproj", "{7B6651A9-6BBE-4A17-BDBB-4D48FA247F11}"
EndProject
Global
	GlobalSection(SolutionConfigurationPlatforms) = preSolution
		Debug|Any CPU = Debug|Any CPU
		Release|Any CPU = Release|Any CPU
	EndGlobalSection
	GlobalSection(ProjectConfigurationPlatforms) = postSolution
		{FA7FBD4E-8B44-4E10-A4D8-844CB67F5056}.Debug|Any CPU.ActiveCfg = Debug|Any CPU
		{FA7FBD4E-8B44-4E10-A4D8-844CB67F5056}.Debug|Any CPU.Build.0 = Debug|Any CPU
		{FA7FBD4E-8B44-4E10-A4D8-844CB67F5056}.Release|Any CPU.ActiveCfg = Release|Any CPU
		{FA7FBD4E-8B44-4E10-A4D8-844CB67F5056}.Release|Any CPU.Build.0 = Release|Any CPU
		{B542DDBD-2C3F-4B79-B9BC-2B7A45EFC934}.Debug|Any CPU.ActiveCfg = Debug|Any CPU
		{B542DDBD-2C3F-4B79-B9BC-2B7A45EFC934}.Debug|Any CPU.Build.0 = Debug|Any CPU
		{B542DDBD-2C3F-4B79-B9BC-2B7A45EFC934}.Release|Any CPU.ActiveCfg = Release|Any CPU
		{B542DDBD-2C3F-4B79-B9BC-2B7A45EFC934}.Release|Any CPU.Build.0 = Release|Any CPU
		{C5AFB884-7BAA-40E6-8321-04B0A3AAB174}.Debug|Any CPU.ActiveCfg = Debug|Any CPU
		{C5AFB884-7BAA-40E6-8321-04B0A3AAB174}.Debug|Any CPU.Build.0 = Debug|Any CPU
		{C5AFB884-7BAA-40E6-8321-04B0A3AAB174}.Release|Any CPU.ActiveCfg = Release|Any CPU
		{C5AFB884-7BAA-40E6-8321-04B0A3AAB174}.Release|Any CPU.Build.0 = Release|Any CPU
		{6D8B5E54-819A-4BE6-B077-E328E5ACCFB7}.Debug|Any CPU.ActiveCfg = Debug|Any CPU
		{6D8B5E54-819A-4BE6-B077-E328E5ACCFB7}.Debug|Any CPU.Build.0 = Debug|Any CPU
		{6D8B5E54-819A-4BE6-B077-E328E5ACCFB7}.Release|Any CPU.ActiveCfg = Release|Any CPU
		{6D8B5E54-819A-4BE6-B077-E328E5ACCFB7}.Release|Any CPU.Build.0 = Release|Any CPU
		{16193192-B6E7-42E8-805D-D00F3A73D4A1}.Debug|Any CPU.ActiveCfg = Debug|Any CPU
		{16193192-B6E7-42E8-805D-D00F3A73D4A1}.Debug|Any CPU.Build.0 = Debug|Any CPU
		{16193192-B6E7-42E8-805D-D00F3A73D4A1}.Release|Any CPU.ActiveCfg = Release|Any CPU
		{16193192-B6E7-42E8-805D-D00F3A73D4A1}.Release|Any CPU.Build.0 = Release|Any CPU
		{8399A80F-BC2A-4821-8057-537EAC2A4E7F}.Debug|Any CPU.ActiveCfg = Debug|Any CPU
		{8399A80F-BC2A-4821-8057-537EAC2A4E7F}.Debug|Any CPU.Build.0 = Debug|Any CPU
		{8399A80F-BC2A-4821-8057-537EAC2A4E7F}.Release|Any CPU.ActiveCfg = Release|Any CPU
		{8399A80F-BC2A-4821-8057-537EAC2A4E7F}.Release|Any CPU.Build.0 = Release|Any CPU
		{C5F96C66-3D2C-4D6E-82E9-14ABAD21FF20}.Debug|Any CPU.ActiveCfg = Debug|Any CPU
		{C5F96C66-3D2C-4D6E-82E9-14ABAD21FF20}.Debug|Any CPU.Build.0 = Debug|Any CPU
		{C5F96C66-3D2C-4D6E-82E9-14ABAD21FF20}.Release|Any CPU.ActiveCfg = Release|Any CPU
		{C5F96C66-3D2C-4D6E-82E9-14ABAD21FF20}.Release|Any CPU.Build.0 = Release|Any CPU
		{7B6651A9-6BBE-4A17-BDBB-4D48FA247F11}.Debug|Any CPU.ActiveCfg = Debug|Any CPU
		{7B6651A9-6BBE-4A17-BDBB-4D48FA247F11}.Debug|Any CPU.Build.0 = Debug|Any CPU
		{7B6651A9-6BBE-4A17-BDBB-4D48FA247F11}.Release|Any CPU.ActiveCfg = Release|Any CPU
		{7B6651A9-6BBE-4A17-BDBB-4D48FA247F11}.Release|Any CPU.Build.0 = Release|Any CPU
	EndGlobalSection
EndGlobal
